Microsoft Visual Studio Solution File, Format Version 12.00
# Visual Studio Version 17
VisualStudioVersion = 17.0.0.0
MinimumVisualStudioVersion = 17.0.0.0

Project("{9A19103F-16F7-4668-BE54-9A1E7A4F7556}") = "BTSS.IAR.Web", "BTSS.IAR.Web.csproj", "{2F202A9E-E7E2-4A62-A211-6FF7CB55E449}"
EndProject
Global
	GlobalSection(SolutionConfigurationPlatforms) = preSolution
		Debug|Any CPU = Debug|Any CPU
		Release|Any CPU = Release|Any CPU
	EndGlobalSection
	GlobalSection(ProjectConfigurationPlatforms) = postSolution
		{2F202A9E-E7E2-4A62-A211-6FF7CB55E449}.Debug|Any CPU.ActiveCfg = Debug|Any CPU
		{2F202A9E-E7E2-4A62-A211-6FF7CB55E449}.Debug|Any CPU.Build.0 = Debug|Any CPU
		{2F202A9E-E7E2-4A62-A211-6FF7CB55E449}.Release|Any CPU.ActiveCfg = Release|Any CPU
		{2F202A9E-E7E2-4A62-A211-6FF7CB55E449}.Release|Any CPU.Build.0 = Release|Any CPU
	EndGlobalSection
	GlobalSection(SolutionProperties) = preSolution
		HideSolutionNode = FALSE
	EndGlobalSection
	GlobalSection(ExtensibilityGlobals) = postSolution
		SolutionGuid = {2D6B82C0-6A07-4E9F-A980-1EBE5B5C262F}
	EndGlobalSection
EndGlobal